hash: 19d34c39ead394aa633d570badf0f9c420148a1f0ba7b1cb42b26e7cba0bab1b
updated: 2019-01-02T01:57:15.317125+03:00
imports:
- name: github.com/elithrar/simple-scrypt
  version: d150773194090feb6c897805a7bcea8d49544e2c
- name: github.com/inconshreveable/mousetrap
  version: 76626ae9c91c4f2a10f34cad8ce83ea42c93bb75
- name: github.com/spf13/cobra
  version: ef82de70bb3f60c65fb8eebacbb2d122ef517385
- name: github.com/spf13/pflag
  version: 298182f68c66c05229eb03ac171abe6e309ee79a
- name: golang.org/x/crypto
  version: eb0de9b17e854e9b1ccd9963efafc79862359959
  subpackages:
  - argon2
  - bcrypt
  - blake2b
  - blowfish
  - pbkdf2
  - scrypt
- name: golang.org/x/sys
  version: 4ed8d59d0b35e1e29334a206d1b3f38b1e5dfb31
  subpackages:
  - cpu
testImports: []
