hash: e1065e217654941794ce92c3c439bf3c87c64151a570c71c275a74200a633c9c
updated: 2018-12-24T13:59:43.782294+03:00
imports:
- name: github.com/inconshreveable/mousetrap
  version: 76626ae9c91c4f2a10f34cad8ce83ea42c93bb75
- name: github.com/spf13/cobra
  version: ef82de70bb3f60c65fb8eebacbb2d122ef517385
- name: github.com/spf13/pflag
  version: 298182f68c66c05229eb03ac171abe6e309ee79a
- name: golang.org/x/crypto
  version: eb0de9b17e854e9b1ccd9963efafc79862359959
  subpackages:
  - bcrypt
  - blowfish
testImports: []
